
Microsoft Visual Studio Solution File, Format Version 12.00
# Visual Studio Version 17
VisualStudioVersion = 17.5.2.0
MinimumVisualStudioVersion = 10.0.40219.1
Project("{D954291E-2A0B-460D-934E-DC6B0785DB48}") = "Uno.Toolkit.Samples", "Uno.Toolkit.Samples\Uno.Toolkit.Samples.shproj", "{2E0817C1-BF2E-42F5-8BE1-E9A37B54B457}"
EndProject
Project("{FAE04EC0-301F-11D3-BF4B-00C04F79EFBC}") = "MaterialSampleApp", "Uno.Toolkit.Samples.Material\MaterialSampleApp.csproj", "{D1A2B3C4-E5F6-7890-ABCD-EF1234567890}"
EndProject
Project("{FAE04EC0-301F-11D3-BF4B-00C04F79EFBC}") = "CupertinoSampleApp", "Uno.Toolkit.Samples.Cupertino\CupertinoSampleApp.csproj", "{A1B2C3D4-E5F6-7890-ABCD-EF0987654321}"
EndProject
Project("{2150E333-8FDC-42A3-9474-1A3956D46DE8}") = "Uno.Toolkit.Samples.Simple", "Uno.Toolkit.Samples.Simple", "{7055BB20-D999-9EC9-5E03-0E2F058BAD10}"
EndProject
Project("{FAE04EC0-301F-11D3-BF4B-00C04F79EFBC}") = "SimpleSampleApp", "Uno.Toolkit.Samples.Simple\SimpleSampleApp.csproj", "{C84341A7-D749-44C1-8CB1-C669A3301729}"
EndProject
Project("{FAE04EC0-301F-11D3-BF4B-00C04F79EFBC}") = "Uno.Toolkit.WinUI.Simple", "..\src\library\Uno.Toolkit.Simple\Uno.Toolkit.WinUI.Simple.csproj", "{3DB1902B-013D-479A-A7B1-605BF4F1131B}"
EndProject
Project("{FAE04EC0-301F-11D3-BF4B-00C04F79EFBC}") = "Uno.Toolkit.WinUI", "..\src\Uno.Toolkit.UI\Uno.Toolkit.WinUI.csproj", "{2125F3FA-09F4-47AA-B9C0-3BCCC653B4C6}"
EndProject
Project("{FAE04EC0-301F-11D3-BF4B-00C04F79EFBC}") = "Uno.Toolkit", "..\src\Uno.Toolkit\Uno.Toolkit.csproj", "{A066C123-C5DF-4E92-8A2B-550A81A60164}"
EndProject
Project("{FAE04EC0-301F-11D3-BF4B-00C04F79EFBC}") = "Uno.Toolkit.Skia.WinUI", "..\src\Uno.Toolkit.Skia.WinUI\Uno.Toolkit.Skia.WinUI.csproj", "{79052F30-73CA-4DB3-9B1B-1820A198EF27}"
EndProject
Project("{FAE04EC0-301F-11D3-BF4B-00C04F79EFBC}") = "Uno.Toolkit.RuntimeTests", "..\src\Uno.Toolkit.RuntimeTests\Uno.Toolkit.RuntimeTests.csproj", "{5FC8D041-0F55-445C-BDE4-5A9F2C52CBF0}"
EndProject
Project("{FAE04EC0-301F-11D3-BF4B-00C04F79EFBC}") = "Uno.Toolkit.WinUI.Material", "..\src\library\Uno.Toolkit.Material\Uno.Toolkit.WinUI.Material.csproj", "{8B60324F-8276-4478-9655-5BECADF5C532}"
EndProject
Global
	GlobalSection(SolutionConfigurationPlatforms) = preSolution
		Debug|Any CPU = Debug|Any CPU
		Debug|x64 = Debug|x64
		Debug|x86 = Debug|x86
		Release|Any CPU = Release|Any CPU
		Release|x64 = Release|x64
		Release|x86 = Release|x86
	EndGlobalSection
	GlobalSection(ProjectConfigurationPlatforms) = postSolution
		{D1A2B3C4-E5F6-7890-ABCD-EF1234567890}.Debug|Any CPU.ActiveCfg = Debug|Any CPU
		{D1A2B3C4-E5F6-7890-ABCD-EF1234567890}.Debug|Any CPU.Build.0 = Debug|Any CPU
		{D1A2B3C4-E5F6-7890-ABCD-EF1234567890}.Debug|x64.ActiveCfg = Debug|Any CPU
		{D1A2B3C4-E5F6-7890-ABCD-EF1234567890}.Debug|x64.Build.0 = Debug|Any CPU
		{D1A2B3C4-E5F6-7890-ABCD-EF1234567890}.Debug|x86.ActiveCfg = Debug|Any CPU
		{D1A2B3C4-E5F6-7890-ABCD-EF1234567890}.Debug|x86.Build.0 = Debug|Any CPU
		{D1A2B3C4-E5F6-7890-ABCD-EF1234567890}.Release|Any CPU.ActiveCfg = Release|Any CPU
		{D1A2B3C4-E5F6-7890-ABCD-EF1234567890}.Release|Any CPU.Build.0 = Release|Any CPU
		{D1A2B3C4-E5F6-7890-ABCD-EF1234567890}.Release|x64.ActiveCfg = Release|Any CPU
		{D1A2B3C4-E5F6-7890-ABCD-EF1234567890}.Release|x64.Build.0 = Release|Any CPU
		{D1A2B3C4-E5F6-7890-ABCD-EF1234567890}.Release|x86.ActiveCfg = Release|Any CPU
		{D1A2B3C4-E5F6-7890-ABCD-EF1234567890}.Release|x86.Build.0 = Release|Any CPU
		{A1B2C3D4-E5F6-7890-ABCD-EF0987654321}.Debug|Any CPU.ActiveCfg = Debug|Any CPU
		{A1B2C3D4-E5F6-7890-ABCD-EF0987654321}.Debug|Any CPU.Build.0 = Debug|Any CPU
		{A1B2C3D4-E5F6-7890-ABCD-EF0987654321}.Debug|x64.ActiveCfg = Debug|Any CPU
		{A1B2C3D4-E5F6-7890-ABCD-EF0987654321}.Debug|x64.Build.0 = Debug|Any CPU
		{A1B2C3D4-E5F6-7890-ABCD-EF0987654321}.Debug|x86.ActiveCfg = Debug|Any CPU
		{A1B2C3D4-E5F6-7890-ABCD-EF0987654321}.Debug|x86.Build.0 = Debug|Any CPU
		{A1B2C3D4-E5F6-7890-ABCD-EF0987654321}.Release|Any CPU.ActiveCfg = Release|Any CPU
		{A1B2C3D4-E5F6-7890-ABCD-EF0987654321}.Release|Any CPU.Build.0 = Release|Any CPU
		{A1B2C3D4-E5F6-7890-ABCD-EF0987654321}.Release|x64.ActiveCfg = Release|Any CPU
		{A1B2C3D4-E5F6-7890-ABCD-EF0987654321}.Release|x64.Build.0 = Release|Any CPU
		{A1B2C3D4-E5F6-7890-ABCD-EF0987654321}.Release|x86.ActiveCfg = Release|Any CPU
		{A1B2C3D4-E5F6-7890-ABCD-EF0987654321}.Release|x86.Build.0 = Release|Any CPU
		{C84341A7-D749-44C1-8CB1-C669A3301729}.Debug|Any CPU.ActiveCfg = Debug|Any CPU
		{C84341A7-D749-44C1-8CB1-C669A3301729}.Debug|Any CPU.Build.0 = Debug|Any CPU
		{C84341A7-D749-44C1-8CB1-C669A3301729}.Debug|x64.ActiveCfg = Debug|Any CPU
		{C84341A7-D749-44C1-8CB1-C669A3301729}.Debug|x64.Build.0 = Debug|Any CPU
		{C84341A7-D749-44C1-8CB1-C669A3301729}.Debug|x86.ActiveCfg = Debug|Any CPU
		{C84341A7-D749-44C1-8CB1-C669A3301729}.Debug|x86.Build.0 = Debug|Any CPU
		{C84341A7-D749-44C1-8CB1-C669A3301729}.Release|Any CPU.ActiveCfg = Release|Any CPU
		{C84341A7-D749-44C1-8CB1-C669A3301729}.Release|Any CPU.Build.0 = Release|Any CPU
		{C84341A7-D749-44C1-8CB1-C669A3301729}.Release|x64.ActiveCfg = Release|Any CPU
		{C84341A7-D749-44C1-8CB1-C669A3301729}.Release|x64.Build.0 = Release|Any CPU
		{C84341A7-D749-44C1-8CB1-C669A3301729}.Release|x86.ActiveCfg = Release|Any CPU
		{C84341A7-D749-44C1-8CB1-C669A3301729}.Release|x86.Build.0 = Release|Any CPU
		{3DB1902B-013D-479A-A7B1-605BF4F1131B}.Debug|Any CPU.ActiveCfg = Debug|Any CPU
		{3DB1902B-013D-479A-A7B1-605BF4F1131B}.Debug|Any CPU.Build.0 = Debug|Any CPU
		{3DB1902B-013D-479A-A7B1-605BF4F1131B}.Debug|x64.ActiveCfg = Debug|Any CPU
		{3DB1902B-013D-479A-A7B1-605BF4F1131B}.Debug|x64.Build.0 = Debug|Any CPU
		{3DB1902B-013D-479A-A7B1-605BF4F1131B}.Debug|x86.ActiveCfg = Debug|Any CPU
		{3DB1902B-013D-479A-A7B1-605BF4F1131B}.Debug|x86.Build.0 = Debug|Any CPU
		{3DB1902B-013D-479A-A7B1-605BF4F1131B}.Release|Any CPU.ActiveCfg = Release|Any CPU
		{3DB1902B-013D-479A-A7B1-605BF4F1131B}.Release|Any CPU.Build.0 = Release|Any CPU
		{3DB1902B-013D-479A-A7B1-605BF4F1131B}.Release|x64.ActiveCfg = Release|Any CPU
		{3DB1902B-013D-479A-A7B1-605BF4F1131B}.Release|x64.Build.0 = Release|Any CPU
		{3DB1902B-013D-479A-A7B1-605BF4F1131B}.Release|x86.ActiveCfg = Release|Any CPU
		{3DB1902B-013D-479A-A7B1-605BF4F1131B}.Release|x86.Build.0 = Release|Any CPU
		{2125F3FA-09F4-47AA-B9C0-3BCCC653B4C6}.Debug|Any CPU.ActiveCfg = Debug|Any CPU
		{2125F3FA-09F4-47AA-B9C0-3BCCC653B4C6}.Debug|Any CPU.Build.0 = Debug|Any CPU
		{2125F3FA-09F4-47AA-B9C0-3BCCC653B4C6}.Debug|x64.ActiveCfg = Debug|Any CPU
		{2125F3FA-09F4-47AA-B9C0-3BCCC653B4C6}.Debug|x64.Build.0 = Debug|Any CPU
		{2125F3FA-09F4-47AA-B9C0-3BCCC653B4C6}.Debug|x86.ActiveCfg = Debug|Any CPU
		{2125F3FA-09F4-47AA-B9C0-3BCCC653B4C6}.Debug|x86.Build.0 = Debug|Any CPU
		{2125F3FA-09F4-47AA-B9C0-3BCCC653B4C6}.Release|Any CPU.ActiveCfg = Release|Any CPU
		{2125F3FA-09F4-47AA-B9C0-3BCCC653B4C6}.Release|Any CPU.Build.0 = Release|Any CPU
		{2125F3FA-09F4-47AA-B9C0-3BCCC653B4C6}.Release|x64.ActiveCfg = Release|Any CPU
		{2125F3FA-09F4-47AA-B9C0-3BCCC653B4C6}.Release|x64.Build.0 = Release|Any CPU
		{2125F3FA-09F4-47AA-B9C0-3BCCC653B4C6}.Release|x86.ActiveCfg = Release|Any CPU
		{2125F3FA-09F4-47AA-B9C0-3BCCC653B4C6}.Release|x86.Build.0 = Release|Any CPU
		{A066C123-C5DF-4E92-8A2B-550A81A60164}.Debug|Any CPU.ActiveCfg = Debug|Any CPU
		{A066C123-C5DF-4E92-8A2B-550A81A60164}.Debug|Any CPU.Build.0 = Debug|Any CPU
		{A066C123-C5DF-4E92-8A2B-550A81A60164}.Debug|x64.ActiveCfg = Debug|Any CPU
		{A066C123-C5DF-4E92-8A2B-550A81A60164}.Debug|x64.Build.0 = Debug|Any CPU
		{A066C123-C5DF-4E92-8A2B-550A81A60164}.Debug|x86.ActiveCfg = Debug|Any CPU
		{A066C123-C5DF-4E92-8A2B-550A81A60164}.Debug|x86.Build.0 = Debug|Any CPU
		{A066C123-C5DF-4E92-8A2B-550A81A60164}.Release|Any CPU.ActiveCfg = Release|Any CPU
		{A066C123-C5DF-4E92-8A2B-550A81A60164}.Release|Any CPU.Build.0 = Release|Any CPU
		{A066C123-C5DF-4E92-8A2B-550A81A60164}.Release|x64.ActiveCfg = Release|Any CPU
		{A066C123-C5DF-4E92-8A2B-550A81A60164}.Release|x64.Build.0 = Release|Any CPU
		{A066C123-C5DF-4E92-8A2B-550A81A60164}.Release|x86.ActiveCfg = Release|Any CPU
		{A066C123-C5DF-4E92-8A2B-550A81A60164}.Release|x86.Build.0 = Release|Any CPU
		{79052F30-73CA-4DB3-9B1B-1820A198EF27}.Debug|Any CPU.ActiveCfg = Debug|Any CPU
		{79052F30-73CA-4DB3-9B1B-1820A198EF27}.Debug|Any CPU.Build.0 = Debug|Any CPU
		{79052F30-73CA-4DB3-9B1B-1820A198EF27}.Debug|x64.ActiveCfg = Debug|Any CPU
		{79052F30-73CA-4DB3-9B1B-1820A198EF27}.Debug|x64.Build.0 = Debug|Any CPU
		{79052F30-73CA-4DB3-9B1B-1820A198EF27}.Debug|x86.ActiveCfg = Debug|Any CPU
		{79052F30-73CA-4DB3-9B1B-1820A198EF27}.Debug|x86.Build.0 = Debug|Any CPU
		{79052F30-73CA-4DB3-9B1B-1820A198EF27}.Release|Any CPU.ActiveCfg = Release|Any CPU
		{79052F30-73CA-4DB3-9B1B-1820A198EF27}.Release|Any CPU.Build.0 = Release|Any CPU
		{79052F30-73CA-4DB3-9B1B-1820A198EF27}.Release|x64.ActiveCfg = Release|Any CPU
		{79052F30-73CA-4DB3-9B1B-1820A198EF27}.Release|x64.Build.0 = Release|Any CPU
		{79052F30-73CA-4DB3-9B1B-1820A198EF27}.Release|x86.ActiveCfg = Release|Any CPU
		{79052F30-73CA-4DB3-9B1B-1820A198EF27}.Release|x86.Build.0 = Release|Any CPU
		{5FC8D041-0F55-445C-BDE4-5A9F2C52CBF0}.Debug|Any CPU.ActiveCfg = Debug|Any CPU
		{5FC8D041-0F55-445C-BDE4-5A9F2C52CBF0}.Debug|Any CPU.Build.0 = Debug|Any CPU
		{5FC8D041-0F55-445C-BDE4-5A9F2C52CBF0}.Debug|x64.ActiveCfg = Debug|Any CPU
		{5FC8D041-0F55-445C-BDE4-5A9F2C52CBF0}.Debug|x64.Build.0 = Debug|Any CPU
		{5FC8D041-0F55-445C-BDE4-5A9F2C52CBF0}.Debug|x86.ActiveCfg = Debug|Any CPU
		{5FC8D041-0F55-445C-BDE4-5A9F2C52CBF0}.Debug|x86.Build.0 = Debug|Any CPU
		{5FC8D041-0F55-445C-BDE4-5A9F2C52CBF0}.Release|Any CPU.ActiveCfg = Release|Any CPU
		{5FC8D041-0F55-445C-BDE4-5A9F2C52CBF0}.Release|Any CPU.Build.0 = Release|Any CPU
		{5FC8D041-0F55-445C-BDE4-5A9F2C52CBF0}.Release|x64.ActiveCfg = Release|Any CPU
		{5FC8D041-0F55-445C-BDE4-5A9F2C52CBF0}.Release|x64.Build.0 = Release|Any CPU
		{5FC8D041-0F55-445C-BDE4-5A9F2C52CBF0}.Release|x86.ActiveCfg = Release|Any CPU
		{5FC8D041-0F55-445C-BDE4-5A9F2C52CBF0}.Release|x86.Build.0 = Release|Any CPU
		{8B60324F-8276-4478-9655-5BECADF5C532}.Debug|Any CPU.ActiveCfg = Debug|Any CPU
		{8B60324F-8276-4478-9655-5BECADF5C532}.Debug|Any CPU.Build.0 = Debug|Any CPU
		{8B60324F-8276-4478-9655-5BECADF5C532}.Debug|x64.ActiveCfg = Debug|Any CPU
		{8B60324F-8276-4478-9655-5BECADF5C532}.Debug|x64.Build.0 = Debug|Any CPU
		{8B60324F-8276-4478-9655-5BECADF5C532}.Debug|x86.ActiveCfg = Debug|Any CPU
		{8B60324F-8276-4478-9655-5BECADF5C532}.Debug|x86.Build.0 = Debug|Any CPU
		{8B60324F-8276-4478-9655-5BECADF5C532}.Release|Any CPU.ActiveCfg = Release|Any CPU
		{8B60324F-8276-4478-9655-5BECADF5C532}.Release|Any CPU.Build.0 = Release|Any CPU
		{8B60324F-8276-4478-9655-5BECADF5C532}.Release|x64.ActiveCfg = Release|Any CPU
		{8B60324F-8276-4478-9655-5BECADF5C532}.Release|x64.Build.0 = Release|Any CPU
		{8B60324F-8276-4478-9655-5BECADF5C532}.Release|x86.ActiveCfg = Release|Any CPU
		{8B60324F-8276-4478-9655-5BECADF5C532}.Release|x86.Build.0 = Release|Any CPU
	EndGlobalSection
	GlobalSection(SolutionProperties) = preSolution
		HideSolutionNode = FALSE
	EndGlobalSection
	GlobalSection(NestedProjects) = preSolution
		{C84341A7-D749-44C1-8CB1-C669A3301729} = {7055BB20-D999-9EC9-5E03-0E2F058BAD10}
	EndGlobalSection
	GlobalSection(ExtensibilityGlobals) = postSolution
		SolutionGuid = {8D27AFD9-78F1-4FD4-A1E4-D22F5BB4CEC0}
	EndGlobalSection
	GlobalSection(SharedMSBuildProjectFiles) = preSolution
		Uno.Toolkit.Samples\Uno.Toolkit.Samples.projitems*{2e0817c1-bf2e-42f5-8be1-e9a37b54b457}*SharedItemsImports = 13
	EndGlobalSection
EndGlobal
