
Microsoft Visual Studio Solution File, Format Version 12.00
# Visual Studio Version 16
VisualStudioVersion = 16.0.31025.218
MinimumVisualStudioVersion = 10.0.40219.1
Project("{9A19103F-16F7-4668-BE54-9A1E7A4F7556}") = "Uno.Toolkit.UI", "Uno.Toolkit.UI\Uno.Toolkit.UI.csproj", "{AEED47ED-BD21-4F03-A7A9-124CF63E4B1C}"
EndProject
Project("{9A19103F-16F7-4668-BE54-9A1E7A4F7556}") = "Uno.Toolkit.WinUI", "Uno.Toolkit.UI\Uno.Toolkit.WinUI.csproj", "{50EA1339-D38D-47F7-848A-8A827A959691}"
EndProject
Project("{2150E333-8FDC-42A3-9474-1A3956D46DE8}") = "samples", "samples", "{5DBB1D12-9D4B-4750-B41F-FE6B51477C9F}"
EndProject
Project("{D954291E-2A0B-460D-934E-DC6B0785DB48}") = "Uno.Toolkit.Samples.Shared", "Uno.Toolkit.Samples\Uno.Toolkit.Samples.Shared\Uno.Toolkit.Samples.Shared.shproj", "{6279C845-92F8-4333-AB99-3D213163593C}"
EndProject
Project("{2150E333-8FDC-42A3-9474-1A3956D46DE8}") = "Platforms", "Platforms", "{531F24D0-3BF4-4527-8D7F-DB075599D4C8}"
EndProject
Project("{FAE04EC0-301F-11D3-BF4B-00C04F79EFBC}") = "Uno.Toolkit.Samples.Droid", "Uno.Toolkit.Samples\Uno.Toolkit.Samples.Droid\Uno.Toolkit.Samples.Droid.csproj", "{D0D9BB9D-C816-4ED2-BBCA-BAA523A46621}"
EndProject
Project("{FAE04EC0-301F-11D3-BF4B-00C04F79EFBC}") = "Uno.Toolkit.Samples.iOS", "Uno.Toolkit.Samples\Uno.Toolkit.Samples.iOS\Uno.Toolkit.Samples.iOS.csproj", "{23CAF181-37F8-45B4-894A-A4D9530EBEB2}"
EndProject
Project("{FAE04EC0-301F-11D3-BF4B-00C04F79EFBC}") = "Uno.Toolkit.Samples.UWP", "Uno.Toolkit.Samples\Uno.Toolkit.Samples.UWP\Uno.Toolkit.Samples.UWP.csproj", "{BCA56526-DA51-4B87-B884-554EECC33F1C}"
EndProject
Project("{FAE04EC0-301F-11D3-BF4B-00C04F79EFBC}") = "Uno.Toolkit.Samples.Wasm", "Uno.Toolkit.Samples\Uno.Toolkit.Samples.Wasm\Uno.Toolkit.Samples.Wasm.csproj", "{953B0352-09CD-4402-90E7-4D9BB6430B38}"
EndProject
Project("{FAE04EC0-301F-11D3-BF4B-00C04F79EFBC}") = "Uno.Toolkit.Samples.macOS", "Uno.Toolkit.Samples\Uno.Toolkit.Samples.macOS\Uno.Toolkit.Samples.macOS.csproj", "{BC8814F4-A337-4DF0-8CAB-BFB4ADFE9A9F}"
EndProject
Project("{FAE04EC0-301F-11D3-BF4B-00C04F79EFBC}") = "Uno.Toolkit.Samples.Skia.Gtk", "Uno.Toolkit.Samples\Uno.Toolkit.Samples.Skia.Gtk\Uno.Toolkit.Samples.Skia.Gtk.csproj", "{60D3BFF9-9238-4ABC-8D29-8A60A387B0BB}"
EndProject
Global
	GlobalSection(SharedMSBuildProjectFiles) = preSolution
		Uno.Toolkit.Samples\Uno.Toolkit.Samples.Shared\Uno.Toolkit.Samples.Shared.projitems*{23caf181-37f8-45b4-894a-a4d9530ebeb2}*SharedItemsImports = 4
		Uno.Toolkit.Samples\Uno.Toolkit.Samples.Shared\Uno.Toolkit.Samples.Shared.projitems*{60d3bff9-9238-4abc-8d29-8a60a387b0bb}*SharedItemsImports = 5
		Uno.Toolkit.Samples\Uno.Toolkit.Samples.Shared\Uno.Toolkit.Samples.Shared.projitems*{6279c845-92f8-4333-ab99-3d213163593c}*SharedItemsImports = 13
		Uno.Toolkit.Samples\Uno.Toolkit.Samples.Shared\Uno.Toolkit.Samples.Shared.projitems*{953b0352-09cd-4402-90e7-4d9bb6430b38}*SharedItemsImports = 5
		Uno.Toolkit.Samples\Uno.Toolkit.Samples.Shared\Uno.Toolkit.Samples.Shared.projitems*{bc8814f4-a337-4df0-8cab-bfb4adfe9a9f}*SharedItemsImports = 4
		Uno.Toolkit.Samples\Uno.Toolkit.Samples.Shared\Uno.Toolkit.Samples.Shared.projitems*{bca56526-da51-4b87-b884-554eecc33f1c}*SharedItemsImports = 4
		Uno.Toolkit.Samples\Uno.Toolkit.Samples.Shared\Uno.Toolkit.Samples.Shared.projitems*{d0d9bb9d-c816-4ed2-bbca-baa523a46621}*SharedItemsImports = 4
	EndGlobalSection
	GlobalSection(SolutionConfigurationPlatforms) = preSolution
		Ad-Hoc|Any CPU = Ad-Hoc|Any CPU
		Ad-Hoc|ARM = Ad-Hoc|ARM
		Ad-Hoc|ARM64 = Ad-Hoc|ARM64
		Ad-Hoc|iPhone = Ad-Hoc|iPhone
		Ad-Hoc|iPhoneSimulator = Ad-Hoc|iPhoneSimulator
		Ad-Hoc|x64 = Ad-Hoc|x64
		Ad-Hoc|x86 = Ad-Hoc|x86
		AppStore|Any CPU = AppStore|Any CPU
		AppStore|ARM = AppStore|ARM
		AppStore|ARM64 = AppStore|ARM64
		AppStore|iPhone = AppStore|iPhone
		AppStore|iPhoneSimulator = AppStore|iPhoneSimulator
		AppStore|x64 = AppStore|x64
		AppStore|x86 = AppStore|x86
		Debug|Any CPU = Debug|Any CPU
		Debug|ARM = Debug|ARM
		Debug|ARM64 = Debug|ARM64
		Debug|iPhone = Debug|iPhone
		Debug|iPhoneSimulator = Debug|iPhoneSimulator
		Debug|x64 = Debug|x64
		Debug|x86 = Debug|x86
		Release|Any CPU = Release|Any CPU
		Release|ARM = Release|ARM
		Release|ARM64 = Release|ARM64
		Release|iPhone = Release|iPhone
		Release|iPhoneSimulator = Release|iPhoneSimulator
		Release|x64 = Release|x64
		Release|x86 = Release|x86
	EndGlobalSection
	GlobalSection(ProjectConfigurationPlatforms) = postSolution
		{AEED47ED-BD21-4F03-A7A9-124CF63E4B1C}.Ad-Hoc|Any CPU.ActiveCfg = Release|Any CPU
		{AEED47ED-BD21-4F03-A7A9-124CF63E4B1C}.Ad-Hoc|Any CPU.Build.0 = Release|Any CPU
		{AEED47ED-BD21-4F03-A7A9-124CF63E4B1C}.Ad-Hoc|ARM.ActiveCfg = Release|Any CPU
		{AEED47ED-BD21-4F03-A7A9-124CF63E4B1C}.Ad-Hoc|ARM.Build.0 = Release|Any CPU
		{AEED47ED-BD21-4F03-A7A9-124CF63E4B1C}.Ad-Hoc|ARM64.ActiveCfg = Release|Any CPU
		{AEED47ED-BD21-4F03-A7A9-124CF63E4B1C}.Ad-Hoc|ARM64.Build.0 = Release|Any CPU
		{AEED47ED-BD21-4F03-A7A9-124CF63E4B1C}.Ad-Hoc|iPhone.ActiveCfg = Release|Any CPU
		{AEED47ED-BD21-4F03-A7A9-124CF63E4B1C}.Ad-Hoc|iPhone.Build.0 = Release|Any CPU
		{AEED47ED-BD21-4F03-A7A9-124CF63E4B1C}.Ad-Hoc|iPhoneSimulator.ActiveCfg = Release|Any CPU
		{AEED47ED-BD21-4F03-A7A9-124CF63E4B1C}.Ad-Hoc|iPhoneSimulator.Build.0 = Release|Any CPU
		{AEED47ED-BD21-4F03-A7A9-124CF63E4B1C}.Ad-Hoc|x64.ActiveCfg = Release|Any CPU
		{AEED47ED-BD21-4F03-A7A9-124CF63E4B1C}.Ad-Hoc|x64.Build.0 = Release|Any CPU
		{AEED47ED-BD21-4F03-A7A9-124CF63E4B1C}.Ad-Hoc|x86.ActiveCfg = Release|Any CPU
		{AEED47ED-BD21-4F03-A7A9-124CF63E4B1C}.Ad-Hoc|x86.Build.0 = Release|Any CPU
		{AEED47ED-BD21-4F03-A7A9-124CF63E4B1C}.AppStore|Any CPU.ActiveCfg = Release|Any CPU
		{AEED47ED-BD21-4F03-A7A9-124CF63E4B1C}.AppStore|Any CPU.Build.0 = Release|Any CPU
		{AEED47ED-BD21-4F03-A7A9-124CF63E4B1C}.AppStore|ARM.ActiveCfg = Release|Any CPU
		{AEED47ED-BD21-4F03-A7A9-124CF63E4B1C}.AppStore|ARM.Build.0 = Release|Any CPU
		{AEED47ED-BD21-4F03-A7A9-124CF63E4B1C}.AppStore|ARM64.ActiveCfg = Release|Any CPU
		{AEED47ED-BD21-4F03-A7A9-124CF63E4B1C}.AppStore|ARM64.Build.0 = Release|Any CPU
		{AEED47ED-BD21-4F03-A7A9-124CF63E4B1C}.AppStore|iPhone.ActiveCfg = Release|Any CPU
		{AEED47ED-BD21-4F03-A7A9-124CF63E4B1C}.AppStore|iPhone.Build.0 = Release|Any CPU
		{AEED47ED-BD21-4F03-A7A9-124CF63E4B1C}.AppStore|iPhoneSimulator.ActiveCfg = Release|Any CPU
		{AEED47ED-BD21-4F03-A7A9-124CF63E4B1C}.AppStore|iPhoneSimulator.Build.0 = Release|Any CPU
		{AEED47ED-BD21-4F03-A7A9-124CF63E4B1C}.AppStore|x64.ActiveCfg = Release|Any CPU
		{AEED47ED-BD21-4F03-A7A9-124CF63E4B1C}.AppStore|x64.Build.0 = Release|Any CPU
		{AEED47ED-BD21-4F03-A7A9-124CF63E4B1C}.AppStore|x86.ActiveCfg = Release|Any CPU
		{AEED47ED-BD21-4F03-A7A9-124CF63E4B1C}.AppStore|x86.Build.0 = Release|Any CPU
		{AEED47ED-BD21-4F03-A7A9-124CF63E4B1C}.Debug|Any CPU.ActiveCfg = Debug|Any CPU
		{AEED47ED-BD21-4F03-A7A9-124CF63E4B1C}.Debug|Any CPU.Build.0 = Debug|Any CPU
		{AEED47ED-BD21-4F03-A7A9-124CF63E4B1C}.Debug|ARM.ActiveCfg = Debug|Any CPU
		{AEED47ED-BD21-4F03-A7A9-124CF63E4B1C}.Debug|ARM.Build.0 = Debug|Any CPU
		{AEED47ED-BD21-4F03-A7A9-124CF63E4B1C}.Debug|ARM64.ActiveCfg = Debug|Any CPU
		{AEED47ED-BD21-4F03-A7A9-124CF63E4B1C}.Debug|ARM64.Build.0 = Debug|Any CPU
		{AEED47ED-BD21-4F03-A7A9-124CF63E4B1C}.Debug|iPhone.ActiveCfg = Debug|Any CPU
		{AEED47ED-BD21-4F03-A7A9-124CF63E4B1C}.Debug|iPhone.Build.0 = Debug|Any CPU
		{AEED47ED-BD21-4F03-A7A9-124CF63E4B1C}.Debug|iPhoneSimulator.ActiveCfg = Debug|Any CPU
		{AEED47ED-BD21-4F03-A7A9-124CF63E4B1C}.Debug|iPhoneSimulator.Build.0 = Debug|Any CPU
		{AEED47ED-BD21-4F03-A7A9-124CF63E4B1C}.Debug|x64.ActiveCfg = Debug|Any CPU
		{AEED47ED-BD21-4F03-A7A9-124CF63E4B1C}.Debug|x64.Build.0 = Debug|Any CPU
		{AEED47ED-BD21-4F03-A7A9-124CF63E4B1C}.Debug|x86.ActiveCfg = Debug|Any CPU
		{AEED47ED-BD21-4F03-A7A9-124CF63E4B1C}.Debug|x86.Build.0 = Debug|Any CPU
		{AEED47ED-BD21-4F03-A7A9-124CF63E4B1C}.Release|Any CPU.ActiveCfg = Release|Any CPU
		{AEED47ED-BD21-4F03-A7A9-124CF63E4B1C}.Release|Any CPU.Build.0 = Release|Any CPU
		{AEED47ED-BD21-4F03-A7A9-124CF63E4B1C}.Release|ARM.ActiveCfg = Release|Any CPU
		{AEED47ED-BD21-4F03-A7A9-124CF63E4B1C}.Release|ARM.Build.0 = Release|Any CPU
		{AEED47ED-BD21-4F03-A7A9-124CF63E4B1C}.Release|ARM64.ActiveCfg = Release|Any CPU
		{AEED47ED-BD21-4F03-A7A9-124CF63E4B1C}.Release|ARM64.Build.0 = Release|Any CPU
		{AEED47ED-BD21-4F03-A7A9-124CF63E4B1C}.Release|iPhone.ActiveCfg = Release|Any CPU
		{AEED47ED-BD21-4F03-A7A9-124CF63E4B1C}.Release|iPhone.Build.0 = Release|Any CPU
		{AEED47ED-BD21-4F03-A7A9-124CF63E4B1C}.Release|iPhoneSimulator.ActiveCfg = Release|Any CPU
		{AEED47ED-BD21-4F03-A7A9-124CF63E4B1C}.Release|iPhoneSimulator.Build.0 = Release|Any CPU
		{AEED47ED-BD21-4F03-A7A9-124CF63E4B1C}.Release|x64.ActiveCfg = Release|Any CPU
		{AEED47ED-BD21-4F03-A7A9-124CF63E4B1C}.Release|x64.Build.0 = Release|Any CPU
		{AEED47ED-BD21-4F03-A7A9-124CF63E4B1C}.Release|x86.ActiveCfg = Release|Any CPU
		{AEED47ED-BD21-4F03-A7A9-124CF63E4B1C}.Release|x86.Build.0 = Release|Any CPU
		{50EA1339-D38D-47F7-848A-8A827A959691}.Ad-Hoc|Any CPU.ActiveCfg = Release|Any CPU
		{50EA1339-D38D-47F7-848A-8A827A959691}.Ad-Hoc|Any CPU.Build.0 = Release|Any CPU
		{50EA1339-D38D-47F7-848A-8A827A959691}.Ad-Hoc|ARM.ActiveCfg = Release|Any CPU
		{50EA1339-D38D-47F7-848A-8A827A959691}.Ad-Hoc|ARM.Build.0 = Release|Any CPU
		{50EA1339-D38D-47F7-848A-8A827A959691}.Ad-Hoc|ARM64.ActiveCfg = Release|Any CPU
		{50EA1339-D38D-47F7-848A-8A827A959691}.Ad-Hoc|ARM64.Build.0 = Release|Any CPU
		{50EA1339-D38D-47F7-848A-8A827A959691}.Ad-Hoc|iPhone.ActiveCfg = Release|Any CPU
		{50EA1339-D38D-47F7-848A-8A827A959691}.Ad-Hoc|iPhone.Build.0 = Release|Any CPU
		{50EA1339-D38D-47F7-848A-8A827A959691}.Ad-Hoc|iPhoneSimulator.ActiveCfg = Release|Any CPU
		{50EA1339-D38D-47F7-848A-8A827A959691}.Ad-Hoc|iPhoneSimulator.Build.0 = Release|Any CPU
		{50EA1339-D38D-47F7-848A-8A827A959691}.Ad-Hoc|x64.ActiveCfg = Release|Any CPU
		{50EA1339-D38D-47F7-848A-8A827A959691}.Ad-Hoc|x64.Build.0 = Release|Any CPU
		{50EA1339-D38D-47F7-848A-8A827A959691}.Ad-Hoc|x86.ActiveCfg = Release|Any CPU
		{50EA1339-D38D-47F7-848A-8A827A959691}.Ad-Hoc|x86.Build.0 = Release|Any CPU
		{50EA1339-D38D-47F7-848A-8A827A959691}.AppStore|Any CPU.ActiveCfg = Release|Any CPU
		{50EA1339-D38D-47F7-848A-8A827A959691}.AppStore|Any CPU.Build.0 = Release|Any CPU
		{50EA1339-D38D-47F7-848A-8A827A959691}.AppStore|ARM.ActiveCfg = Release|Any CPU
		{50EA1339-D38D-47F7-848A-8A827A959691}.AppStore|ARM.Build.0 = Release|Any CPU
		{50EA1339-D38D-47F7-848A-8A827A959691}.AppStore|ARM64.ActiveCfg = Release|Any CPU
		{50EA1339-D38D-47F7-848A-8A827A959691}.AppStore|ARM64.Build.0 = Release|Any CPU
		{50EA1339-D38D-47F7-848A-8A827A959691}.AppStore|iPhone.ActiveCfg = Release|Any CPU
		{50EA1339-D38D-47F7-848A-8A827A959691}.AppStore|iPhone.Build.0 = Release|Any CPU
		{50EA1339-D38D-47F7-848A-8A827A959691}.AppStore|iPhoneSimulator.ActiveCfg = Release|Any CPU
		{50EA1339-D38D-47F7-848A-8A827A959691}.AppStore|iPhoneSimulator.Build.0 = Release|Any CPU
		{50EA1339-D38D-47F7-848A-8A827A959691}.AppStore|x64.ActiveCfg = Release|Any CPU
		{50EA1339-D38D-47F7-848A-8A827A959691}.AppStore|x64.Build.0 = Release|Any CPU
		{50EA1339-D38D-47F7-848A-8A827A959691}.AppStore|x86.ActiveCfg = Release|Any CPU
		{50EA1339-D38D-47F7-848A-8A827A959691}.AppStore|x86.Build.0 = Release|Any CPU
		{50EA1339-D38D-47F7-848A-8A827A959691}.Debug|Any CPU.ActiveCfg = Debug|Any CPU
		{50EA1339-D38D-47F7-848A-8A827A959691}.Debug|Any CPU.Build.0 = Debug|Any CPU
		{50EA1339-D38D-47F7-848A-8A827A959691}.Debug|ARM.ActiveCfg = Debug|Any CPU
		{50EA1339-D38D-47F7-848A-8A827A959691}.Debug|ARM.Build.0 = Debug|Any CPU
		{50EA1339-D38D-47F7-848A-8A827A959691}.Debug|ARM64.ActiveCfg = Debug|Any CPU
		{50EA1339-D38D-47F7-848A-8A827A959691}.Debug|ARM64.Build.0 = Debug|Any CPU
		{50EA1339-D38D-47F7-848A-8A827A959691}.Debug|iPhone.ActiveCfg = Debug|Any CPU
		{50EA1339-D38D-47F7-848A-8A827A959691}.Debug|iPhone.Build.0 = Debug|Any CPU
		{50EA1339-D38D-47F7-848A-8A827A959691}.Debug|iPhoneSimulator.ActiveCfg = Debug|Any CPU
		{50EA1339-D38D-47F7-848A-8A827A959691}.Debug|iPhoneSimulator.Build.0 = Debug|Any CPU
		{50EA1339-D38D-47F7-848A-8A827A959691}.Debug|x64.ActiveCfg = Debug|Any CPU
		{50EA1339-D38D-47F7-848A-8A827A959691}.Debug|x64.Build.0 = Debug|Any CPU
		{50EA1339-D38D-47F7-848A-8A827A959691}.Debug|x86.ActiveCfg = Debug|Any CPU
		{50EA1339-D38D-47F7-848A-8A827A959691}.Debug|x86.Build.0 = Debug|Any CPU
		{50EA1339-D38D-47F7-848A-8A827A959691}.Release|Any CPU.ActiveCfg = Release|Any CPU
		{50EA1339-D38D-47F7-848A-8A827A959691}.Release|Any CPU.Build.0 = Release|Any CPU
		{50EA1339-D38D-47F7-848A-8A827A959691}.Release|ARM.ActiveCfg = Release|Any CPU
		{50EA1339-D38D-47F7-848A-8A827A959691}.Release|ARM.Build.0 = Release|Any CPU
		{50EA1339-D38D-47F7-848A-8A827A959691}.Release|ARM64.ActiveCfg = Release|Any CPU
		{50EA1339-D38D-47F7-848A-8A827A959691}.Release|ARM64.Build.0 = Release|Any CPU
		{50EA1339-D38D-47F7-848A-8A827A959691}.Release|iPhone.ActiveCfg = Release|Any CPU
		{50EA1339-D38D-47F7-848A-8A827A959691}.Release|iPhone.Build.0 = Release|Any CPU
		{50EA1339-D38D-47F7-848A-8A827A959691}.Release|iPhoneSimulator.ActiveCfg = Release|Any CPU
		{50EA1339-D38D-47F7-848A-8A827A959691}.Release|iPhoneSimulator.Build.0 = Release|Any CPU
		{50EA1339-D38D-47F7-848A-8A827A959691}.Release|x64.ActiveCfg = Release|Any CPU
		{50EA1339-D38D-47F7-848A-8A827A959691}.Release|x64.Build.0 = Release|Any CPU
		{50EA1339-D38D-47F7-848A-8A827A959691}.Release|x86.ActiveCfg = Release|Any CPU
		{50EA1339-D38D-47F7-848A-8A827A959691}.Release|x86.Build.0 = Release|Any CPU
		{D0D9BB9D-C816-4ED2-BBCA-BAA523A46621}.Ad-Hoc|Any CPU.ActiveCfg = Debug|Any CPU
		{D0D9BB9D-C816-4ED2-BBCA-BAA523A46621}.Ad-Hoc|Any CPU.Build.0 = Debug|Any CPU
		{D0D9BB9D-C816-4ED2-BBCA-BAA523A46621}.Ad-Hoc|Any CPU.Deploy.0 = Debug|Any CPU
		{D0D9BB9D-C816-4ED2-BBCA-BAA523A46621}.Ad-Hoc|ARM.ActiveCfg = Debug|Any CPU
		{D0D9BB9D-C816-4ED2-BBCA-BAA523A46621}.Ad-Hoc|ARM.Build.0 = Debug|Any CPU
		{D0D9BB9D-C816-4ED2-BBCA-BAA523A46621}.Ad-Hoc|ARM.Deploy.0 = Debug|Any CPU
		{D0D9BB9D-C816-4ED2-BBCA-BAA523A46621}.Ad-Hoc|ARM64.ActiveCfg = Debug|Any CPU
		{D0D9BB9D-C816-4ED2-BBCA-BAA523A46621}.Ad-Hoc|ARM64.Build.0 = Debug|Any CPU
		{D0D9BB9D-C816-4ED2-BBCA-BAA523A46621}.Ad-Hoc|ARM64.Deploy.0 = Debug|Any CPU
		{D0D9BB9D-C816-4ED2-BBCA-BAA523A46621}.Ad-Hoc|iPhone.ActiveCfg = Debug|Any CPU
		{D0D9BB9D-C816-4ED2-BBCA-BAA523A46621}.Ad-Hoc|iPhone.Build.0 = Debug|Any CPU
		{D0D9BB9D-C816-4ED2-BBCA-BAA523A46621}.Ad-Hoc|iPhone.Deploy.0 = Debug|Any CPU
		{D0D9BB9D-C816-4ED2-BBCA-BAA523A46621}.Ad-Hoc|iPhoneSimulator.ActiveCfg = Debug|Any CPU
		{D0D9BB9D-C816-4ED2-BBCA-BAA523A46621}.Ad-Hoc|iPhoneSimulator.Build.0 = Debug|Any CPU
		{D0D9BB9D-C816-4ED2-BBCA-BAA523A46621}.Ad-Hoc|iPhoneSimulator.Deploy.0 = Debug|Any CPU
		{D0D9BB9D-C816-4ED2-BBCA-BAA523A46621}.Ad-Hoc|x64.ActiveCfg = Debug|Any CPU
		{D0D9BB9D-C816-4ED2-BBCA-BAA523A46621}.Ad-Hoc|x64.Build.0 = Debug|Any CPU
		{D0D9BB9D-C816-4ED2-BBCA-BAA523A46621}.Ad-Hoc|x64.Deploy.0 = Debug|Any CPU
		{D0D9BB9D-C816-4ED2-BBCA-BAA523A46621}.Ad-Hoc|x86.ActiveCfg = Debug|Any CPU
		{D0D9BB9D-C816-4ED2-BBCA-BAA523A46621}.Ad-Hoc|x86.Build.0 = Debug|Any CPU
		{D0D9BB9D-C816-4ED2-BBCA-BAA523A46621}.Ad-Hoc|x86.Deploy.0 = Debug|Any CPU
		{D0D9BB9D-C816-4ED2-BBCA-BAA523A46621}.AppStore|Any CPU.ActiveCfg = Debug|Any CPU
		{D0D9BB9D-C816-4ED2-BBCA-BAA523A46621}.AppStore|Any CPU.Build.0 = Debug|Any CPU
		{D0D9BB9D-C816-4ED2-BBCA-BAA523A46621}.AppStore|Any CPU.Deploy.0 = Debug|Any CPU
		{D0D9BB9D-C816-4ED2-BBCA-BAA523A46621}.AppStore|ARM.ActiveCfg = Debug|Any CPU
		{D0D9BB9D-C816-4ED2-BBCA-BAA523A46621}.AppStore|ARM.Build.0 = Debug|Any CPU
		{D0D9BB9D-C816-4ED2-BBCA-BAA523A46621}.AppStore|ARM.Deploy.0 = Debug|Any CPU
		{D0D9BB9D-C816-4ED2-BBCA-BAA523A46621}.AppStore|ARM64.ActiveCfg = Debug|Any CPU
		{D0D9BB9D-C816-4ED2-BBCA-BAA523A46621}.AppStore|ARM64.Build.0 = Debug|Any CPU
		{D0D9BB9D-C816-4ED2-BBCA-BAA523A46621}.AppStore|ARM64.Deploy.0 = Debug|Any CPU
		{D0D9BB9D-C816-4ED2-BBCA-BAA523A46621}.AppStore|iPhone.ActiveCfg = Debug|Any CPU
		{D0D9BB9D-C816-4ED2-BBCA-BAA523A46621}.AppStore|iPhone.Build.0 = Debug|Any CPU
		{D0D9BB9D-C816-4ED2-BBCA-BAA523A46621}.AppStore|iPhone.Deploy.0 = Debug|Any CPU
		{D0D9BB9D-C816-4ED2-BBCA-BAA523A46621}.AppStore|iPhoneSimulator.ActiveCfg = Debug|Any CPU
		{D0D9BB9D-C816-4ED2-BBCA-BAA523A46621}.AppStore|iPhoneSimulator.Build.0 = Debug|Any CPU
		{D0D9BB9D-C816-4ED2-BBCA-BAA523A46621}.AppStore|iPhoneSimulator.Deploy.0 = Debug|Any CPU
		{D0D9BB9D-C816-4ED2-BBCA-BAA523A46621}.AppStore|x64.ActiveCfg = Debug|Any CPU
		{D0D9BB9D-C816-4ED2-BBCA-BAA523A46621}.AppStore|x64.Build.0 = Debug|Any CPU
		{D0D9BB9D-C816-4ED2-BBCA-BAA523A46621}.AppStore|x64.Deploy.0 = Debug|Any CPU
		{D0D9BB9D-C816-4ED2-BBCA-BAA523A46621}.AppStore|x86.ActiveCfg = Debug|Any CPU
		{D0D9BB9D-C816-4ED2-BBCA-BAA523A46621}.AppStore|x86.Build.0 = Debug|Any CPU
		{D0D9BB9D-C816-4ED2-BBCA-BAA523A46621}.AppStore|x86.Deploy.0 = Debug|Any CPU
		{D0D9BB9D-C816-4ED2-BBCA-BAA523A46621}.Debug|Any CPU.ActiveCfg = Debug|Any CPU
		{D0D9BB9D-C816-4ED2-BBCA-BAA523A46621}.Debug|Any CPU.Build.0 = Debug|Any CPU
		{D0D9BB9D-C816-4ED2-BBCA-BAA523A46621}.Debug|Any CPU.Deploy.0 = Debug|Any CPU
		{D0D9BB9D-C816-4ED2-BBCA-BAA523A46621}.Debug|ARM.ActiveCfg = Debug|Any CPU
		{D0D9BB9D-C816-4ED2-BBCA-BAA523A46621}.Debug|ARM.Build.0 = Debug|Any CPU
		{D0D9BB9D-C816-4ED2-BBCA-BAA523A46621}.Debug|ARM.Deploy.0 = Debug|Any CPU
		{D0D9BB9D-C816-4ED2-BBCA-BAA523A46621}.Debug|ARM64.ActiveCfg = Debug|Any CPU
		{D0D9BB9D-C816-4ED2-BBCA-BAA523A46621}.Debug|ARM64.Build.0 = Debug|Any CPU
		{D0D9BB9D-C816-4ED2-BBCA-BAA523A46621}.Debug|ARM64.Deploy.0 = Debug|Any CPU
		{D0D9BB9D-C816-4ED2-BBCA-BAA523A46621}.Debug|iPhone.ActiveCfg = Debug|Any CPU
		{D0D9BB9D-C816-4ED2-BBCA-BAA523A46621}.Debug|iPhone.Build.0 = Debug|Any CPU
		{D0D9BB9D-C816-4ED2-BBCA-BAA523A46621}.Debug|iPhone.Deploy.0 = Debug|Any CPU
		{D0D9BB9D-C816-4ED2-BBCA-BAA523A46621}.Debug|iPhoneSimulator.ActiveCfg = Debug|Any CPU
		{D0D9BB9D-C816-4ED2-BBCA-BAA523A46621}.Debug|iPhoneSimulator.Build.0 = Debug|Any CPU
		{D0D9BB9D-C816-4ED2-BBCA-BAA523A46621}.Debug|iPhoneSimulator.Deploy.0 = Debug|Any CPU
		{D0D9BB9D-C816-4ED2-BBCA-BAA523A46621}.Debug|x64.ActiveCfg = Debug|Any CPU
		{D0D9BB9D-C816-4ED2-BBCA-BAA523A46621}.Debug|x64.Build.0 = Debug|Any CPU
		{D0D9BB9D-C816-4ED2-BBCA-BAA523A46621}.Debug|x64.Deploy.0 = Debug|Any CPU
		{D0D9BB9D-C816-4ED2-BBCA-BAA523A46621}.Debug|x86.ActiveCfg = Debug|Any CPU
		{D0D9BB9D-C816-4ED2-BBCA-BAA523A46621}.Debug|x86.Build.0 = Debug|Any CPU
		{D0D9BB9D-C816-4ED2-BBCA-BAA523A46621}.Debug|x86.Deploy.0 = Debug|Any CPU
		{D0D9BB9D-C816-4ED2-BBCA-BAA523A46621}.Release|Any CPU.ActiveCfg = Release|Any CPU
		{D0D9BB9D-C816-4ED2-BBCA-BAA523A46621}.Release|Any CPU.Build.0 = Release|Any CPU
		{D0D9BB9D-C816-4ED2-BBCA-BAA523A46621}.Release|Any CPU.Deploy.0 = Release|Any CPU
		{D0D9BB9D-C816-4ED2-BBCA-BAA523A46621}.Release|ARM.ActiveCfg = Release|Any CPU
		{D0D9BB9D-C816-4ED2-BBCA-BAA523A46621}.Release|ARM.Build.0 = Release|Any CPU
		{D0D9BB9D-C816-4ED2-BBCA-BAA523A46621}.Release|ARM.Deploy.0 = Release|Any CPU
		{D0D9BB9D-C816-4ED2-BBCA-BAA523A46621}.Release|ARM64.ActiveCfg = Release|Any CPU
		{D0D9BB9D-C816-4ED2-BBCA-BAA523A46621}.Release|ARM64.Build.0 = Release|Any CPU
		{D0D9BB9D-C816-4ED2-BBCA-BAA523A46621}.Release|ARM64.Deploy.0 = Release|Any CPU
		{D0D9BB9D-C816-4ED2-BBCA-BAA523A46621}.Release|iPhone.ActiveCfg = Release|Any CPU
		{D0D9BB9D-C816-4ED2-BBCA-BAA523A46621}.Release|iPhone.Build.0 = Release|Any CPU
		{D0D9BB9D-C816-4ED2-BBCA-BAA523A46621}.Release|iPhone.Deploy.0 = Release|Any CPU
		{D0D9BB9D-C816-4ED2-BBCA-BAA523A46621}.Release|iPhoneSimulator.ActiveCfg = Release|Any CPU
		{D0D9BB9D-C816-4ED2-BBCA-BAA523A46621}.Release|iPhoneSimulator.Build.0 = Release|Any CPU
		{D0D9BB9D-C816-4ED2-BBCA-BAA523A46621}.Release|iPhoneSimulator.Deploy.0 = Release|Any CPU
		{D0D9BB9D-C816-4ED2-BBCA-BAA523A46621}.Release|x64.ActiveCfg = Release|Any CPU
		{D0D9BB9D-C816-4ED2-BBCA-BAA523A46621}.Release|x64.Build.0 = Release|Any CPU
		{D0D9BB9D-C816-4ED2-BBCA-BAA523A46621}.Release|x64.Deploy.0 = Release|Any CPU
		{D0D9BB9D-C816-4ED2-BBCA-BAA523A46621}.Release|x86.ActiveCfg = Release|Any CPU
		{D0D9BB9D-C816-4ED2-BBCA-BAA523A46621}.Release|x86.Build.0 = Release|Any CPU
		{D0D9BB9D-C816-4ED2-BBCA-BAA523A46621}.Release|x86.Deploy.0 = Release|Any CPU
		{23CAF181-37F8-45B4-894A-A4D9530EBEB2}.Ad-Hoc|Any CPU.ActiveCfg = Ad-Hoc|iPhoneSimulator
		{23CAF181-37F8-45B4-894A-A4D9530EBEB2}.Ad-Hoc|ARM.ActiveCfg = Ad-Hoc|iPhoneSimulator
		{23CAF181-37F8-45B4-894A-A4D9530EBEB2}.Ad-Hoc|ARM64.ActiveCfg = Ad-Hoc|iPhoneSimulator
		{23CAF181-37F8-45B4-894A-A4D9530EBEB2}.Ad-Hoc|iPhone.ActiveCfg = Ad-Hoc|iPhone
		{23CAF181-37F8-45B4-894A-A4D9530EBEB2}.Ad-Hoc|iPhone.Build.0 = Ad-Hoc|iPhone
		{23CAF181-37F8-45B4-894A-A4D9530EBEB2}.Ad-Hoc|iPhoneSimulator.ActiveCfg = Ad-Hoc|iPhoneSimulator
		{23CAF181-37F8-45B4-894A-A4D9530EBEB2}.Ad-Hoc|iPhoneSimulator.Build.0 = Ad-Hoc|iPhoneSimulator
		{23CAF181-37F8-45B4-894A-A4D9530EBEB2}.Ad-Hoc|x64.ActiveCfg = Ad-Hoc|iPhoneSimulator
		{23CAF181-37F8-45B4-894A-A4D9530EBEB2}.Ad-Hoc|x86.ActiveCfg = Ad-Hoc|iPhoneSimulator
		{23CAF181-37F8-45B4-894A-A4D9530EBEB2}.AppStore|Any CPU.ActiveCfg = AppStore|iPhoneSimulator
		{23CAF181-37F8-45B4-894A-A4D9530EBEB2}.AppStore|ARM.ActiveCfg = AppStore|iPhoneSimulator
		{23CAF181-37F8-45B4-894A-A4D9530EBEB2}.AppStore|ARM64.ActiveCfg = AppStore|iPhoneSimulator
		{23CAF181-37F8-45B4-894A-A4D9530EBEB2}.AppStore|iPhone.ActiveCfg = AppStore|iPhone
		{23CAF181-37F8-45B4-894A-A4D9530EBEB2}.AppStore|iPhone.Build.0 = AppStore|iPhone
		{23CAF181-37F8-45B4-894A-A4D9530EBEB2}.AppStore|iPhoneSimulator.ActiveCfg = AppStore|iPhoneSimulator
		{23CAF181-37F8-45B4-894A-A4D9530EBEB2}.AppStore|iPhoneSimulator.Build.0 = AppStore|iPhoneSimulator
		{23CAF181-37F8-45B4-894A-A4D9530EBEB2}.AppStore|x64.ActiveCfg = AppStore|iPhoneSimulator
		{23CAF181-37F8-45B4-894A-A4D9530EBEB2}.AppStore|x86.ActiveCfg = AppStore|iPhoneSimulator
		{23CAF181-37F8-45B4-894A-A4D9530EBEB2}.Debug|Any CPU.ActiveCfg = Debug|iPhoneSimulator
		{23CAF181-37F8-45B4-894A-A4D9530EBEB2}.Debug|ARM.ActiveCfg = Debug|iPhoneSimulator
		{23CAF181-37F8-45B4-894A-A4D9530EBEB2}.Debug|ARM64.ActiveCfg = Debug|iPhoneSimulator
		{23CAF181-37F8-45B4-894A-A4D9530EBEB2}.Debug|iPhone.ActiveCfg = Debug|iPhone
		{23CAF181-37F8-45B4-894A-A4D9530EBEB2}.Debug|iPhone.Build.0 = Debug|iPhone
		{23CAF181-37F8-45B4-894A-A4D9530EBEB2}.Debug|iPhoneSimulator.ActiveCfg = Debug|iPhoneSimulator
		{23CAF181-37F8-45B4-894A-A4D9530EBEB2}.Debug|iPhoneSimulator.Build.0 = Debug|iPhoneSimulator
		{23CAF181-37F8-45B4-894A-A4D9530EBEB2}.Debug|x64.ActiveCfg = Debug|iPhoneSimulator
		{23CAF181-37F8-45B4-894A-A4D9530EBEB2}.Debug|x86.ActiveCfg = Debug|iPhoneSimulator
		{23CAF181-37F8-45B4-894A-A4D9530EBEB2}.Release|Any CPU.ActiveCfg = Release|iPhoneSimulator
		{23CAF181-37F8-45B4-894A-A4D9530EBEB2}.Release|ARM.ActiveCfg = Release|iPhoneSimulator
		{23CAF181-37F8-45B4-894A-A4D9530EBEB2}.Release|ARM64.ActiveCfg = Release|iPhoneSimulator
		{23CAF181-37F8-45B4-894A-A4D9530EBEB2}.Release|iPhone.ActiveCfg = Release|iPhone
		{23CAF181-37F8-45B4-894A-A4D9530EBEB2}.Release|iPhone.Build.0 = Release|iPhone
		{23CAF181-37F8-45B4-894A-A4D9530EBEB2}.Release|iPhoneSimulator.ActiveCfg = Release|iPhoneSimulator
		{23CAF181-37F8-45B4-894A-A4D9530EBEB2}.Release|iPhoneSimulator.Build.0 = Release|iPhoneSimulator
		{23CAF181-37F8-45B4-894A-A4D9530EBEB2}.Release|x64.ActiveCfg = Release|iPhoneSimulator
		{23CAF181-37F8-45B4-894A-A4D9530EBEB2}.Release|x86.ActiveCfg = Release|iPhoneSimulator
		{BCA56526-DA51-4B87-B884-554EECC33F1C}.Ad-Hoc|Any CPU.ActiveCfg = Release|x86
		{BCA56526-DA51-4B87-B884-554EECC33F1C}.Ad-Hoc|Any CPU.Build.0 = Release|x86
		{BCA56526-DA51-4B87-B884-554EECC33F1C}.Ad-Hoc|Any CPU.Deploy.0 = Release|x86
		{BCA56526-DA51-4B87-B884-554EECC33F1C}.Ad-Hoc|ARM.ActiveCfg = Release|ARM
		{BCA56526-DA51-4B87-B884-554EECC33F1C}.Ad-Hoc|ARM.Build.0 = Release|ARM
		{BCA56526-DA51-4B87-B884-554EECC33F1C}.Ad-Hoc|ARM.Deploy.0 = Release|ARM
		{BCA56526-DA51-4B87-B884-554EECC33F1C}.Ad-Hoc|ARM64.ActiveCfg = Release|ARM64
		{BCA56526-DA51-4B87-B884-554EECC33F1C}.Ad-Hoc|ARM64.Build.0 = Release|ARM64
		{BCA56526-DA51-4B87-B884-554EECC33F1C}.Ad-Hoc|ARM64.Deploy.0 = Release|ARM64
		{BCA56526-DA51-4B87-B884-554EECC33F1C}.Ad-Hoc|iPhone.ActiveCfg = Release|x86
		{BCA56526-DA51-4B87-B884-554EECC33F1C}.Ad-Hoc|iPhone.Build.0 = Release|x86
		{BCA56526-DA51-4B87-B884-554EECC33F1C}.Ad-Hoc|iPhone.Deploy.0 = Release|x86
		{BCA56526-DA51-4B87-B884-554EECC33F1C}.Ad-Hoc|iPhoneSimulator.ActiveCfg = Release|x86
		{BCA56526-DA51-4B87-B884-554EECC33F1C}.Ad-Hoc|iPhoneSimulator.Build.0 = Release|x86
		{BCA56526-DA51-4B87-B884-554EECC33F1C}.Ad-Hoc|iPhoneSimulator.Deploy.0 = Release|x86
		{BCA56526-DA51-4B87-B884-554EECC33F1C}.Ad-Hoc|x64.ActiveCfg = Release|x64
		{BCA56526-DA51-4B87-B884-554EECC33F1C}.Ad-Hoc|x64.Build.0 = Release|x64
		{BCA56526-DA51-4B87-B884-554EECC33F1C}.Ad-Hoc|x64.Deploy.0 = Release|x64
		{BCA56526-DA51-4B87-B884-554EECC33F1C}.Ad-Hoc|x86.ActiveCfg = Release|x86
		{BCA56526-DA51-4B87-B884-554EECC33F1C}.Ad-Hoc|x86.Build.0 = Release|x86
		{BCA56526-DA51-4B87-B884-554EECC33F1C}.Ad-Hoc|x86.Deploy.0 = Release|x86
		{BCA56526-DA51-4B87-B884-554EECC33F1C}.AppStore|Any CPU.ActiveCfg = Release|x86
		{BCA56526-DA51-4B87-B884-554EECC33F1C}.AppStore|Any CPU.Build.0 = Release|x86
		{BCA56526-DA51-4B87-B884-554EECC33F1C}.AppStore|Any CPU.Deploy.0 = Release|x86
		{BCA56526-DA51-4B87-B884-554EECC33F1C}.AppStore|ARM.ActiveCfg = Release|ARM
		{BCA56526-DA51-4B87-B884-554EECC33F1C}.AppStore|ARM.Build.0 = Release|ARM
		{BCA56526-DA51-4B87-B884-554EECC33F1C}.AppStore|ARM.Deploy.0 = Release|ARM
		{BCA56526-DA51-4B87-B884-554EECC33F1C}.AppStore|ARM64.ActiveCfg = Release|ARM64
		{BCA56526-DA51-4B87-B884-554EECC33F1C}.AppStore|ARM64.Build.0 = Release|ARM64
		{BCA56526-DA51-4B87-B884-554EECC33F1C}.AppStore|ARM64.Deploy.0 = Release|ARM64
		{BCA56526-DA51-4B87-B884-554EECC33F1C}.AppStore|iPhone.ActiveCfg = Release|x86
		{BCA56526-DA51-4B87-B884-554EECC33F1C}.AppStore|iPhone.Build.0 = Release|x86
		{BCA56526-DA51-4B87-B884-554EECC33F1C}.AppStore|iPhone.Deploy.0 = Release|x86
		{BCA56526-DA51-4B87-B884-554EECC33F1C}.AppStore|iPhoneSimulator.ActiveCfg = Release|x86
		{BCA56526-DA51-4B87-B884-554EECC33F1C}.AppStore|iPhoneSimulator.Build.0 = Release|x86
		{BCA56526-DA51-4B87-B884-554EECC33F1C}.AppStore|iPhoneSimulator.Deploy.0 = Release|x86
		{BCA56526-DA51-4B87-B884-554EECC33F1C}.AppStore|x64.ActiveCfg = Release|x64
		{BCA56526-DA51-4B87-B884-554EECC33F1C}.AppStore|x64.Build.0 = Release|x64
		{BCA56526-DA51-4B87-B884-554EECC33F1C}.AppStore|x64.Deploy.0 = Release|x64
		{BCA56526-DA51-4B87-B884-554EECC33F1C}.AppStore|x86.ActiveCfg = Release|x86
		{BCA56526-DA51-4B87-B884-554EECC33F1C}.AppStore|x86.Build.0 = Release|x86
		{BCA56526-DA51-4B87-B884-554EECC33F1C}.AppStore|x86.Deploy.0 = Release|x86
		{BCA56526-DA51-4B87-B884-554EECC33F1C}.Debug|Any CPU.ActiveCfg = Debug|x86
		{BCA56526-DA51-4B87-B884-554EECC33F1C}.Debug|Any CPU.Build.0 = Debug|x86
		{BCA56526-DA51-4B87-B884-554EECC33F1C}.Debug|Any CPU.Deploy.0 = Debug|x86
		{BCA56526-DA51-4B87-B884-554EECC33F1C}.Debug|ARM.ActiveCfg = Debug|ARM
		{BCA56526-DA51-4B87-B884-554EECC33F1C}.Debug|ARM.Build.0 = Debug|ARM
		{BCA56526-DA51-4B87-B884-554EECC33F1C}.Debug|ARM.Deploy.0 = Debug|ARM
		{BCA56526-DA51-4B87-B884-554EECC33F1C}.Debug|ARM64.ActiveCfg = Debug|ARM64
		{BCA56526-DA51-4B87-B884-554EECC33F1C}.Debug|ARM64.Build.0 = Debug|ARM64
		{BCA56526-DA51-4B87-B884-554EECC33F1C}.Debug|ARM64.Deploy.0 = Debug|ARM64
		{BCA56526-DA51-4B87-B884-554EECC33F1C}.Debug|iPhone.ActiveCfg = Debug|x86
		{BCA56526-DA51-4B87-B884-554EECC33F1C}.Debug|iPhoneSimulator.ActiveCfg = Debug|x86
		{BCA56526-DA51-4B87-B884-554EECC33F1C}.Debug|x64.ActiveCfg = Debug|x64
		{BCA56526-DA51-4B87-B884-554EECC33F1C}.Debug|x64.Build.0 = Debug|x64
		{BCA56526-DA51-4B87-B884-554EECC33F1C}.Debug|x64.Deploy.0 = Debug|x64
		{BCA56526-DA51-4B87-B884-554EECC33F1C}.Debug|x86.ActiveCfg = Debug|x86
		{BCA56526-DA51-4B87-B884-554EECC33F1C}.Debug|x86.Build.0 = Debug|x86
		{BCA56526-DA51-4B87-B884-554EECC33F1C}.Debug|x86.Deploy.0 = Debug|x86
		{BCA56526-DA51-4B87-B884-554EECC33F1C}.Release|Any CPU.ActiveCfg = Release|x86
		{BCA56526-DA51-4B87-B884-554EECC33F1C}.Release|ARM.ActiveCfg = Release|ARM
		{BCA56526-DA51-4B87-B884-554EECC33F1C}.Release|ARM.Build.0 = Release|ARM
		{BCA56526-DA51-4B87-B884-554EECC33F1C}.Release|ARM.Deploy.0 = Release|ARM
		{BCA56526-DA51-4B87-B884-554EECC33F1C}.Release|ARM64.ActiveCfg = Release|ARM64
		{BCA56526-DA51-4B87-B884-554EECC33F1C}.Release|ARM64.Build.0 = Release|ARM64
		{BCA56526-DA51-4B87-B884-554EECC33F1C}.Release|ARM64.Deploy.0 = Release|ARM64
		{BCA56526-DA51-4B87-B884-554EECC33F1C}.Release|iPhone.ActiveCfg = Release|x86
		{BCA56526-DA51-4B87-B884-554EECC33F1C}.Release|iPhoneSimulator.ActiveCfg = Release|x86
		{BCA56526-DA51-4B87-B884-554EECC33F1C}.Release|x64.ActiveCfg = Release|x64
		{BCA56526-DA51-4B87-B884-554EECC33F1C}.Release|x64.Build.0 = Release|x64
		{BCA56526-DA51-4B87-B884-554EECC33F1C}.Release|x64.Deploy.0 = Release|x64
		{BCA56526-DA51-4B87-B884-554EECC33F1C}.Release|x86.ActiveCfg = Release|x86
		{BCA56526-DA51-4B87-B884-554EECC33F1C}.Release|x86.Build.0 = Release|x86
		{BCA56526-DA51-4B87-B884-554EECC33F1C}.Release|x86.Deploy.0 = Release|x86
		{953B0352-09CD-4402-90E7-4D9BB6430B38}.Ad-Hoc|Any CPU.ActiveCfg = Debug|Any CPU
		{953B0352-09CD-4402-90E7-4D9BB6430B38}.Ad-Hoc|Any CPU.Build.0 = Debug|Any CPU
		{953B0352-09CD-4402-90E7-4D9BB6430B38}.Ad-Hoc|ARM.ActiveCfg = Debug|Any CPU
		{953B0352-09CD-4402-90E7-4D9BB6430B38}.Ad-Hoc|ARM.Build.0 = Debug|Any CPU
		{953B0352-09CD-4402-90E7-4D9BB6430B38}.Ad-Hoc|ARM64.ActiveCfg = Debug|Any CPU
		{953B0352-09CD-4402-90E7-4D9BB6430B38}.Ad-Hoc|ARM64.Build.0 = Debug|Any CPU
		{953B0352-09CD-4402-90E7-4D9BB6430B38}.Ad-Hoc|iPhone.ActiveCfg = Debug|Any CPU
		{953B0352-09CD-4402-90E7-4D9BB6430B38}.Ad-Hoc|iPhone.Build.0 = Debug|Any CPU
		{953B0352-09CD-4402-90E7-4D9BB6430B38}.Ad-Hoc|iPhoneSimulator.ActiveCfg = Debug|Any CPU
		{953B0352-09CD-4402-90E7-4D9BB6430B38}.Ad-Hoc|iPhoneSimulator.Build.0 = Debug|Any CPU
		{953B0352-09CD-4402-90E7-4D9BB6430B38}.Ad-Hoc|x64.ActiveCfg = Debug|Any CPU
		{953B0352-09CD-4402-90E7-4D9BB6430B38}.Ad-Hoc|x64.Build.0 = Debug|Any CPU
		{953B0352-09CD-4402-90E7-4D9BB6430B38}.Ad-Hoc|x86.ActiveCfg = Debug|Any CPU
		{953B0352-09CD-4402-90E7-4D9BB6430B38}.Ad-Hoc|x86.Build.0 = Debug|Any CPU
		{953B0352-09CD-4402-90E7-4D9BB6430B38}.AppStore|Any CPU.ActiveCfg = Debug|Any CPU
		{953B0352-09CD-4402-90E7-4D9BB6430B38}.AppStore|Any CPU.Build.0 = Debug|Any CPU
		{953B0352-09CD-4402-90E7-4D9BB6430B38}.AppStore|ARM.ActiveCfg = Debug|Any CPU
		{953B0352-09CD-4402-90E7-4D9BB6430B38}.AppStore|ARM.Build.0 = Debug|Any CPU
		{953B0352-09CD-4402-90E7-4D9BB6430B38}.AppStore|ARM64.ActiveCfg = Debug|Any CPU
		{953B0352-09CD-4402-90E7-4D9BB6430B38}.AppStore|ARM64.Build.0 = Debug|Any CPU
		{953B0352-09CD-4402-90E7-4D9BB6430B38}.AppStore|iPhone.ActiveCfg = Debug|Any CPU
		{953B0352-09CD-4402-90E7-4D9BB6430B38}.AppStore|iPhone.Build.0 = Debug|Any CPU
		{953B0352-09CD-4402-90E7-4D9BB6430B38}.AppStore|iPhoneSimulator.ActiveCfg = Debug|Any CPU
		{953B0352-09CD-4402-90E7-4D9BB6430B38}.AppStore|iPhoneSimulator.Build.0 = Debug|Any CPU
		{953B0352-09CD-4402-90E7-4D9BB6430B38}.AppStore|x64.ActiveCfg = Debug|Any CPU
		{953B0352-09CD-4402-90E7-4D9BB6430B38}.AppStore|x64.Build.0 = Debug|Any CPU
		{953B0352-09CD-4402-90E7-4D9BB6430B38}.AppStore|x86.ActiveCfg = Debug|Any CPU
		{953B0352-09CD-4402-90E7-4D9BB6430B38}.AppStore|x86.Build.0 = Debug|Any CPU
		{953B0352-09CD-4402-90E7-4D9BB6430B38}.Debug|Any CPU.ActiveCfg = Debug|Any CPU
		{953B0352-09CD-4402-90E7-4D9BB6430B38}.Debug|Any CPU.Build.0 = Debug|Any CPU
		{953B0352-09CD-4402-90E7-4D9BB6430B38}.Debug|ARM.ActiveCfg = Debug|Any CPU
		{953B0352-09CD-4402-90E7-4D9BB6430B38}.Debug|ARM.Build.0 = Debug|Any CPU
		{953B0352-09CD-4402-90E7-4D9BB6430B38}.Debug|ARM64.ActiveCfg = Debug|Any CPU
		{953B0352-09CD-4402-90E7-4D9BB6430B38}.Debug|ARM64.Build.0 = Debug|Any CPU
		{953B0352-09CD-4402-90E7-4D9BB6430B38}.Debug|iPhone.ActiveCfg = Debug|Any CPU
		{953B0352-09CD-4402-90E7-4D9BB6430B38}.Debug|iPhone.Build.0 = Debug|Any CPU
		{953B0352-09CD-4402-90E7-4D9BB6430B38}.Debug|iPhoneSimulator.ActiveCfg = Debug|Any CPU
		{953B0352-09CD-4402-90E7-4D9BB6430B38}.Debug|iPhoneSimulator.Build.0 = Debug|Any CPU
		{953B0352-09CD-4402-90E7-4D9BB6430B38}.Debug|x64.ActiveCfg = Debug|Any CPU
		{953B0352-09CD-4402-90E7-4D9BB6430B38}.Debug|x64.Build.0 = Debug|Any CPU
		{953B0352-09CD-4402-90E7-4D9BB6430B38}.Debug|x86.ActiveCfg = Debug|Any CPU
		{953B0352-09CD-4402-90E7-4D9BB6430B38}.Debug|x86.Build.0 = Debug|Any CPU
		{953B0352-09CD-4402-90E7-4D9BB6430B38}.Release|Any CPU.ActiveCfg = Release|Any CPU
		{953B0352-09CD-4402-90E7-4D9BB6430B38}.Release|Any CPU.Build.0 = Release|Any CPU
		{953B0352-09CD-4402-90E7-4D9BB6430B38}.Release|ARM.ActiveCfg = Release|Any CPU
		{953B0352-09CD-4402-90E7-4D9BB6430B38}.Release|ARM.Build.0 = Release|Any CPU
		{953B0352-09CD-4402-90E7-4D9BB6430B38}.Release|ARM64.ActiveCfg = Release|Any CPU
		{953B0352-09CD-4402-90E7-4D9BB6430B38}.Release|ARM64.Build.0 = Release|Any CPU
		{953B0352-09CD-4402-90E7-4D9BB6430B38}.Release|iPhone.ActiveCfg = Release|Any CPU
		{953B0352-09CD-4402-90E7-4D9BB6430B38}.Release|iPhone.Build.0 = Release|Any CPU
		{953B0352-09CD-4402-90E7-4D9BB6430B38}.Release|iPhoneSimulator.ActiveCfg = Release|Any CPU
		{953B0352-09CD-4402-90E7-4D9BB6430B38}.Release|iPhoneSimulator.Build.0 = Release|Any CPU
		{953B0352-09CD-4402-90E7-4D9BB6430B38}.Release|x64.ActiveCfg = Release|Any CPU
		{953B0352-09CD-4402-90E7-4D9BB6430B38}.Release|x64.Build.0 = Release|Any CPU
		{953B0352-09CD-4402-90E7-4D9BB6430B38}.Release|x86.ActiveCfg = Release|Any CPU
		{953B0352-09CD-4402-90E7-4D9BB6430B38}.Release|x86.Build.0 = Release|Any CPU
		{BC8814F4-A337-4DF0-8CAB-BFB4ADFE9A9F}.Ad-Hoc|Any CPU.ActiveCfg = Debug|iPhoneSimulator
		{BC8814F4-A337-4DF0-8CAB-BFB4ADFE9A9F}.Ad-Hoc|Any CPU.Build.0 = Debug|iPhoneSimulator
		{BC8814F4-A337-4DF0-8CAB-BFB4ADFE9A9F}.Ad-Hoc|ARM.ActiveCfg = Debug|iPhoneSimulator
		{BC8814F4-A337-4DF0-8CAB-BFB4ADFE9A9F}.Ad-Hoc|ARM.Build.0 = Debug|iPhoneSimulator
		{BC8814F4-A337-4DF0-8CAB-BFB4ADFE9A9F}.Ad-Hoc|ARM64.ActiveCfg = Debug|iPhoneSimulator
		{BC8814F4-A337-4DF0-8CAB-BFB4ADFE9A9F}.Ad-Hoc|ARM64.Build.0 = Debug|iPhoneSimulator
		{BC8814F4-A337-4DF0-8CAB-BFB4ADFE9A9F}.Ad-Hoc|iPhone.ActiveCfg = Debug|iPhoneSimulator
		{BC8814F4-A337-4DF0-8CAB-BFB4ADFE9A9F}.Ad-Hoc|iPhone.Build.0 = Debug|iPhoneSimulator
		{BC8814F4-A337-4DF0-8CAB-BFB4ADFE9A9F}.Ad-Hoc|iPhoneSimulator.ActiveCfg = Debug|iPhoneSimulator
		{BC8814F4-A337-4DF0-8CAB-BFB4ADFE9A9F}.Ad-Hoc|iPhoneSimulator.Build.0 = Debug|iPhoneSimulator
		{BC8814F4-A337-4DF0-8CAB-BFB4ADFE9A9F}.Ad-Hoc|x64.ActiveCfg = Debug|iPhoneSimulator
		{BC8814F4-A337-4DF0-8CAB-BFB4ADFE9A9F}.Ad-Hoc|x64.Build.0 = Debug|iPhoneSimulator
		{BC8814F4-A337-4DF0-8CAB-BFB4ADFE9A9F}.Ad-Hoc|x86.ActiveCfg = Debug|iPhoneSimulator
		{BC8814F4-A337-4DF0-8CAB-BFB4ADFE9A9F}.Ad-Hoc|x86.Build.0 = Debug|iPhoneSimulator
		{BC8814F4-A337-4DF0-8CAB-BFB4ADFE9A9F}.AppStore|Any CPU.ActiveCfg = Debug|iPhoneSimulator
		{BC8814F4-A337-4DF0-8CAB-BFB4ADFE9A9F}.AppStore|Any CPU.Build.0 = Debug|iPhoneSimulator
		{BC8814F4-A337-4DF0-8CAB-BFB4ADFE9A9F}.AppStore|ARM.ActiveCfg = Debug|iPhoneSimulator
		{BC8814F4-A337-4DF0-8CAB-BFB4ADFE9A9F}.AppStore|ARM.Build.0 = Debug|iPhoneSimulator
		{BC8814F4-A337-4DF0-8CAB-BFB4ADFE9A9F}.AppStore|ARM64.ActiveCfg = Debug|iPhoneSimulator
		{BC8814F4-A337-4DF0-8CAB-BFB4ADFE9A9F}.AppStore|ARM64.Build.0 = Debug|iPhoneSimulator
		{BC8814F4-A337-4DF0-8CAB-BFB4ADFE9A9F}.AppStore|iPhone.ActiveCfg = Debug|iPhoneSimulator
		{BC8814F4-A337-4DF0-8CAB-BFB4ADFE9A9F}.AppStore|iPhone.Build.0 = Debug|iPhoneSimulator
		{BC8814F4-A337-4DF0-8CAB-BFB4ADFE9A9F}.AppStore|iPhoneSimulator.ActiveCfg = Debug|iPhoneSimulator
		{BC8814F4-A337-4DF0-8CAB-BFB4ADFE9A9F}.AppStore|iPhoneSimulator.Build.0 = Debug|iPhoneSimulator
		{BC8814F4-A337-4DF0-8CAB-BFB4ADFE9A9F}.AppStore|x64.ActiveCfg = Debug|iPhoneSimulator
		{BC8814F4-A337-4DF0-8CAB-BFB4ADFE9A9F}.AppStore|x64.Build.0 = Debug|iPhoneSimulator
		{BC8814F4-A337-4DF0-8CAB-BFB4ADFE9A9F}.AppStore|x86.ActiveCfg = Debug|iPhoneSimulator
		{BC8814F4-A337-4DF0-8CAB-BFB4ADFE9A9F}.AppStore|x86.Build.0 = Debug|iPhoneSimulator
		{BC8814F4-A337-4DF0-8CAB-BFB4ADFE9A9F}.Debug|Any CPU.ActiveCfg = Debug|iPhoneSimulator
		{BC8814F4-A337-4DF0-8CAB-BFB4ADFE9A9F}.Debug|ARM.ActiveCfg = Debug|iPhoneSimulator
		{BC8814F4-A337-4DF0-8CAB-BFB4ADFE9A9F}.Debug|ARM64.ActiveCfg = Debug|iPhoneSimulator
		{BC8814F4-A337-4DF0-8CAB-BFB4ADFE9A9F}.Debug|iPhone.ActiveCfg = Debug|iPhoneSimulator
		{BC8814F4-A337-4DF0-8CAB-BFB4ADFE9A9F}.Debug|iPhoneSimulator.ActiveCfg = Debug|iPhoneSimulator
		{BC8814F4-A337-4DF0-8CAB-BFB4ADFE9A9F}.Debug|iPhoneSimulator.Build.0 = Debug|iPhoneSimulator
		{BC8814F4-A337-4DF0-8CAB-BFB4ADFE9A9F}.Debug|x64.ActiveCfg = Debug|iPhoneSimulator
		{BC8814F4-A337-4DF0-8CAB-BFB4ADFE9A9F}.Debug|x86.ActiveCfg = Debug|iPhoneSimulator
		{BC8814F4-A337-4DF0-8CAB-BFB4ADFE9A9F}.Release|Any CPU.ActiveCfg = Release|iPhoneSimulator
		{BC8814F4-A337-4DF0-8CAB-BFB4ADFE9A9F}.Release|ARM.ActiveCfg = Release|iPhoneSimulator
		{BC8814F4-A337-4DF0-8CAB-BFB4ADFE9A9F}.Release|ARM64.ActiveCfg = Release|iPhoneSimulator
		{BC8814F4-A337-4DF0-8CAB-BFB4ADFE9A9F}.Release|iPhone.ActiveCfg = Release|iPhoneSimulator
		{BC8814F4-A337-4DF0-8CAB-BFB4ADFE9A9F}.Release|iPhoneSimulator.ActiveCfg = Release|iPhoneSimulator
		{BC8814F4-A337-4DF0-8CAB-BFB4ADFE9A9F}.Release|iPhoneSimulator.Build.0 = Release|iPhoneSimulator
		{BC8814F4-A337-4DF0-8CAB-BFB4ADFE9A9F}.Release|x64.ActiveCfg = Release|iPhoneSimulator
		{BC8814F4-A337-4DF0-8CAB-BFB4ADFE9A9F}.Release|x86.ActiveCfg = Release|iPhoneSimulator
		{60D3BFF9-9238-4ABC-8D29-8A60A387B0BB}.Ad-Hoc|Any CPU.ActiveCfg = Debug|Any CPU
		{60D3BFF9-9238-4ABC-8D29-8A60A387B0BB}.Ad-Hoc|Any CPU.Build.0 = Debug|Any CPU
		{60D3BFF9-9238-4ABC-8D29-8A60A387B0BB}.Ad-Hoc|ARM.ActiveCfg = Debug|Any CPU
		{60D3BFF9-9238-4ABC-8D29-8A60A387B0BB}.Ad-Hoc|ARM.Build.0 = Debug|Any CPU
		{60D3BFF9-9238-4ABC-8D29-8A60A387B0BB}.Ad-Hoc|ARM64.ActiveCfg = Debug|Any CPU
		{60D3BFF9-9238-4ABC-8D29-8A60A387B0BB}.Ad-Hoc|ARM64.Build.0 = Debug|Any CPU
		{60D3BFF9-9238-4ABC-8D29-8A60A387B0BB}.Ad-Hoc|iPhone.ActiveCfg = Debug|Any CPU
		{60D3BFF9-9238-4ABC-8D29-8A60A387B0BB}.Ad-Hoc|iPhone.Build.0 = Debug|Any CPU
		{60D3BFF9-9238-4ABC-8D29-8A60A387B0BB}.Ad-Hoc|iPhoneSimulator.ActiveCfg = Debug|Any CPU
		{60D3BFF9-9238-4ABC-8D29-8A60A387B0BB}.Ad-Hoc|iPhoneSimulator.Build.0 = Debug|Any CPU
		{60D3BFF9-9238-4ABC-8D29-8A60A387B0BB}.Ad-Hoc|x64.ActiveCfg = Debug|Any CPU
		{60D3BFF9-9238-4ABC-8D29-8A60A387B0BB}.Ad-Hoc|x64.Build.0 = Debug|Any CPU
		{60D3BFF9-9238-4ABC-8D29-8A60A387B0BB}.Ad-Hoc|x86.ActiveCfg = Debug|Any CPU
		{60D3BFF9-9238-4ABC-8D29-8A60A387B0BB}.Ad-Hoc|x86.Build.0 = Debug|Any CPU
		{60D3BFF9-9238-4ABC-8D29-8A60A387B0BB}.AppStore|Any CPU.ActiveCfg = Debug|Any CPU
		{60D3BFF9-9238-4ABC-8D29-8A60A387B0BB}.AppStore|Any CPU.Build.0 = Debug|Any CPU
		{60D3BFF9-9238-4ABC-8D29-8A60A387B0BB}.AppStore|ARM.ActiveCfg = Debug|Any CPU
		{60D3BFF9-9238-4ABC-8D29-8A60A387B0BB}.AppStore|ARM.Build.0 = Debug|Any CPU
		{60D3BFF9-9238-4ABC-8D29-8A60A387B0BB}.AppStore|ARM64.ActiveCfg = Debug|Any CPU
		{60D3BFF9-9238-4ABC-8D29-8A60A387B0BB}.AppStore|ARM64.Build.0 = Debug|Any CPU
		{60D3BFF9-9238-4ABC-8D29-8A60A387B0BB}.AppStore|iPhone.ActiveCfg = Debug|Any CPU
		{60D3BFF9-9238-4ABC-8D29-8A60A387B0BB}.AppStore|iPhone.Build.0 = Debug|Any CPU
		{60D3BFF9-9238-4ABC-8D29-8A60A387B0BB}.AppStore|iPhoneSimulator.ActiveCfg = Debug|Any CPU
		{60D3BFF9-9238-4ABC-8D29-8A60A387B0BB}.AppStore|iPhoneSimulator.Build.0 = Debug|Any CPU
		{60D3BFF9-9238-4ABC-8D29-8A60A387B0BB}.AppStore|x64.ActiveCfg = Debug|Any CPU
		{60D3BFF9-9238-4ABC-8D29-8A60A387B0BB}.AppStore|x64.Build.0 = Debug|Any CPU
		{60D3BFF9-9238-4ABC-8D29-8A60A387B0BB}.AppStore|x86.ActiveCfg = Debug|Any CPU
		{60D3BFF9-9238-4ABC-8D29-8A60A387B0BB}.AppStore|x86.Build.0 = Debug|Any CPU
		{60D3BFF9-9238-4ABC-8D29-8A60A387B0BB}.Debug|Any CPU.ActiveCfg = Debug|Any CPU
		{60D3BFF9-9238-4ABC-8D29-8A60A387B0BB}.Debug|Any CPU.Build.0 = Debug|Any CPU
		{60D3BFF9-9238-4ABC-8D29-8A60A387B0BB}.Debug|ARM.ActiveCfg = Debug|Any CPU
		{60D3BFF9-9238-4ABC-8D29-8A60A387B0BB}.Debug|ARM.Build.0 = Debug|Any CPU
		{60D3BFF9-9238-4ABC-8D29-8A60A387B0BB}.Debug|ARM64.ActiveCfg = Debug|Any CPU
		{60D3BFF9-9238-4ABC-8D29-8A60A387B0BB}.Debug|ARM64.Build.0 = Debug|Any CPU
		{60D3BFF9-9238-4ABC-8D29-8A60A387B0BB}.Debug|iPhone.ActiveCfg = Debug|Any CPU
		{60D3BFF9-9238-4ABC-8D29-8A60A387B0BB}.Debug|iPhone.Build.0 = Debug|Any CPU
		{60D3BFF9-9238-4ABC-8D29-8A60A387B0BB}.Debug|iPhoneSimulator.ActiveCfg = Debug|Any CPU
		{60D3BFF9-9238-4ABC-8D29-8A60A387B0BB}.Debug|iPhoneSimulator.Build.0 = Debug|Any CPU
		{60D3BFF9-9238-4ABC-8D29-8A60A387B0BB}.Debug|x64.ActiveCfg = Debug|Any CPU
		{60D3BFF9-9238-4ABC-8D29-8A60A387B0BB}.Debug|x64.Build.0 = Debug|Any CPU
		{60D3BFF9-9238-4ABC-8D29-8A60A387B0BB}.Debug|x86.ActiveCfg = Debug|Any CPU
		{60D3BFF9-9238-4ABC-8D29-8A60A387B0BB}.Debug|x86.Build.0 = Debug|Any CPU
		{60D3BFF9-9238-4ABC-8D29-8A60A387B0BB}.Release|Any CPU.ActiveCfg = Release|Any CPU
		{60D3BFF9-9238-4ABC-8D29-8A60A387B0BB}.Release|Any CPU.Build.0 = Release|Any CPU
		{60D3BFF9-9238-4ABC-8D29-8A60A387B0BB}.Release|ARM.ActiveCfg = Release|Any CPU
		{60D3BFF9-9238-4ABC-8D29-8A60A387B0BB}.Release|ARM.Build.0 = Release|Any CPU
		{60D3BFF9-9238-4ABC-8D29-8A60A387B0BB}.Release|ARM64.ActiveCfg = Release|Any CPU
		{60D3BFF9-9238-4ABC-8D29-8A60A387B0BB}.Release|ARM64.Build.0 = Release|Any CPU
		{60D3BFF9-9238-4ABC-8D29-8A60A387B0BB}.Release|iPhone.ActiveCfg = Release|Any CPU
		{60D3BFF9-9238-4ABC-8D29-8A60A387B0BB}.Release|iPhone.Build.0 = Release|Any CPU
		{60D3BFF9-9238-4ABC-8D29-8A60A387B0BB}.Release|iPhoneSimulator.ActiveCfg = Release|Any CPU
		{60D3BFF9-9238-4ABC-8D29-8A60A387B0BB}.Release|iPhoneSimulator.Build.0 = Release|Any CPU
		{60D3BFF9-9238-4ABC-8D29-8A60A387B0BB}.Release|x64.ActiveCfg = Release|Any CPU
		{60D3BFF9-9238-4ABC-8D29-8A60A387B0BB}.Release|x64.Build.0 = Release|Any CPU
		{60D3BFF9-9238-4ABC-8D29-8A60A387B0BB}.Release|x86.ActiveCfg = Release|Any CPU
		{60D3BFF9-9238-4ABC-8D29-8A60A387B0BB}.Release|x86.Build.0 = Release|Any CPU
	EndGlobalSection
	GlobalSection(SolutionProperties) = preSolution
		HideSolutionNode = FALSE
	EndGlobalSection
	GlobalSection(NestedProjects) = preSolution
		{6279C845-92F8-4333-AB99-3D213163593C} = {5DBB1D12-9D4B-4750-B41F-FE6B51477C9F}
		{531F24D0-3BF4-4527-8D7F-DB075599D4C8} = {5DBB1D12-9D4B-4750-B41F-FE6B51477C9F}
		{D0D9BB9D-C816-4ED2-BBCA-BAA523A46621} = {531F24D0-3BF4-4527-8D7F-DB075599D4C8}
		{23CAF181-37F8-45B4-894A-A4D9530EBEB2} = {531F24D0-3BF4-4527-8D7F-DB075599D4C8}
		{BCA56526-DA51-4B87-B884-554EECC33F1C} = {531F24D0-3BF4-4527-8D7F-DB075599D4C8}
		{953B0352-09CD-4402-90E7-4D9BB6430B38} = {531F24D0-3BF4-4527-8D7F-DB075599D4C8}
		{BC8814F4-A337-4DF0-8CAB-BFB4ADFE9A9F} = {531F24D0-3BF4-4527-8D7F-DB075599D4C8}
		{60D3BFF9-9238-4ABC-8D29-8A60A387B0BB} = {531F24D0-3BF4-4527-8D7F-DB075599D4C8}
	EndGlobalSection
	GlobalSection(ExtensibilityGlobals) = postSolution
		SolutionGuid = {EEF2F9D4-91C2-4F1A-BF0C-654FD02D3E2A}
	EndGlobalSection
EndGlobal
